
Microsoft Visual Studio Solution File, Format Version 12.00
# Visual Studio Version 16
VisualStudioVersion = 16.0.31321.278
MinimumVisualStudioVersion = 10.0.40219.1
Project("{9A19103F-16F7-4668-BE54-9A1E7A4F7556}") = "WebWarehouseDB", "WebWarehouseDB\WebWarehouseDB.csproj", "{D2AFFA99-27A6-4589-916A-1C14333DE462}"
EndProject
Global
	GlobalSection(SolutionConfigurationPlatforms) = preSolution
		Debug|Any CPU = Debug|Any CPU
		Release|Any CPU = Release|Any CPU
	EndGlobalSection
	GlobalSection(ProjectConfigurationPlatforms) = postSolution
		{D2AFFA99-27A6-4589-916A-1C14333DE462}.Debug|Any CPU.ActiveCfg = Debug|Any CPU
		{D2AFFA99-27A6-4589-916A-1C14333DE462}.Debug|Any CPU.Build.0 = Debug|Any CPU
		{D2AFFA99-27A6-4589-916A-1C14333DE462}.Release|Any CPU.ActiveCfg = Release|Any CPU
		{D2AFFA99-27A6-4589-916A-1C14333DE462}.Release|Any CPU.Build.0 = Release|Any CPU
	EndGlobalSection
	GlobalSection(SolutionProperties) = preSolution
		HideSolutionNode = FALSE
	EndGlobalSection
	GlobalSection(ExtensibilityGlobals) = postSolution
		SolutionGuid = {2EF22E81-B3F4-4629-BF85-9EABFD129B04}
	EndGlobalSection
EndGlobal
